
Microsoft Visual Studio Solution File, Format Version 12.00
# Visual Studio Version 17
VisualStudioVersion = 17.7.34031.279
MinimumVisualStudioVersion = 10.0.40219.1
Project("{9A19103F-16F7-4668-BE54-9A1E7A4F7556}") = "YT7G72_HFT_2023241.Client", "YT7G72_HFT_2023241.Client\YT7G72_HFT_2023241.Client.csproj", "{8E43836B-3E80-472D-BD0A-BC63A14C5F9C}"
EndProject
Project("{9A19103F-16F7-4668-BE54-9A1E7A4F7556}") = "YT7G72_HFT_2023241.Models", "YT7G72_HFT_2023241.Models\YT7G72_HFT_2023241.Models.csproj", "{C25880F8-A499-44CD-89B9-D654422D1F0B}"
EndProject
Project("{9A19103F-16F7-4668-BE54-9A1E7A4F7556}") = "YT7G72_HFT_2023241.Logic", "YT7G72_HFT_2023241.Logic\YT7G72_HFT_2023241.Logic.csproj", "{30CB307A-180F-429F-96F1-773CC72224CF}"
EndProject
Project("{9A19103F-16F7-4668-BE54-9A1E7A4F7556}") = "YT7G72_HFT_2023241.Repository", "YT7G72_HFT_2023241.Repository\YT7G72_HFT_2023241.Repository.csproj", "{55F4A9CC-41D8-464C-8343-F0A997F2164A}"
EndProject
Project("{9A19103F-16F7-4668-BE54-9A1E7A4F7556}") = "YT7G72_HFT_2023241.Test", "YT7G72_HFT_2023241.Test\YT7G72_HFT_2023241.Test.csproj", "{66C0B726-86E5-4760-B218-A7DBF588A7B3}"
EndProject
Project("{9A19103F-16F7-4668-BE54-9A1E7A4F7556}") = "YT7G72_HFT_2023241.Endpoint", "YT7G72_HFT_2023241.Endpoint\YT7G72_HFT_2023241.Endpoint.csproj", "{CCF3DF73-BDB0-445C-867F-7EAB35980B62}"
EndProject
Project("{2150E333-8FDC-42A3-9474-1A3956D46DE8}") = "Backend", "Backend", "{D848B0F9-26FA-4556-9597-47FD369EADC8}"
EndProject
Project("{2150E333-8FDC-42A3-9474-1A3956D46DE8}") = "Frontend", "Frontend", "{C0DAEA22-BDFA-4D4E-8038-C96F55416DA9}"
EndProject
Project("{2150E333-8FDC-42A3-9474-1A3956D46DE8}") = "Shared", "Shared", "{21DF01AE-DD98-4DB9-A0E6-F6273D24D36D}"
EndProject
Project("{2150E333-8FDC-42A3-9474-1A3956D46DE8}") = "Others", "Others", "{18091615-4D5F-4F6F-91BA-F81F03883DAF}"
	ProjectSection(SolutionItems) = preProject
		.gitattributes = .gitattributes
		.gitignore = .gitignore
	EndProjectSection
EndProject
Global
	GlobalSection(SolutionConfigurationPlatforms) = preSolution
		Debug|Any CPU = Debug|Any CPU
		Release|Any CPU = Release|Any CPU
	EndGlobalSection
	GlobalSection(ProjectConfigurationPlatforms) = postSolution
		{8E43836B-3E80-472D-BD0A-BC63A14C5F9C}.Debug|Any CPU.ActiveCfg = Debug|Any CPU
		{8E43836B-3E80-472D-BD0A-BC63A14C5F9C}.Debug|Any CPU.Build.0 = Debug|Any CPU
		{8E43836B-3E80-472D-BD0A-BC63A14C5F9C}.Release|Any CPU.ActiveCfg = Release|Any CPU
		{8E43836B-3E80-472D-BD0A-BC63A14C5F9C}.Release|Any CPU.Build.0 = Release|Any CPU
		{C25880F8-A499-44CD-89B9-D654422D1F0B}.Debug|Any CPU.ActiveCfg = Debug|Any CPU
		{C25880F8-A499-44CD-89B9-D654422D1F0B}.Debug|Any CPU.Build.0 = Debug|Any CPU
		{C25880F8-A499-44CD-89B9-D654422D1F0B}.Release|Any CPU.ActiveCfg = Release|Any CPU
		{C25880F8-A499-44CD-89B9-D654422D1F0B}.Release|Any CPU.Build.0 = Release|Any CPU
		{30CB307A-180F-429F-96F1-773CC72224CF}.Debug|Any CPU.ActiveCfg = Debug|Any CPU
		{30CB307A-180F-429F-96F1-773CC72224CF}.Debug|Any CPU.Build.0 = Debug|Any CPU
		{30CB307A-180F-429F-96F1-773CC72224CF}.Release|Any CPU.ActiveCfg = Release|Any CPU
		{30CB307A-180F-429F-96F1-773CC72224CF}.Release|Any CPU.Build.0 = Release|Any CPU
		{55F4A9CC-41D8-464C-8343-F0A997F2164A}.Debug|Any CPU.ActiveCfg = Debug|Any CPU
		{55F4A9CC-41D8-464C-8343-F0A997F2164A}.Debug|Any CPU.Build.0 = Debug|Any CPU
		{55F4A9CC-41D8-464C-8343-F0A997F2164A}.Release|Any CPU.ActiveCfg = Release|Any CPU
		{55F4A9CC-41D8-464C-8343-F0A997F2164A}.Release|Any CPU.Build.0 = Release|Any CPU
		{66C0B726-86E5-4760-B218-A7DBF588A7B3}.Debug|Any CPU.ActiveCfg = Debug|Any CPU
		{66C0B726-86E5-4760-B218-A7DBF588A7B3}.Debug|Any CPU.Build.0 = Debug|Any CPU
		{66C0B726-86E5-4760-B218-A7DBF588A7B3}.Release|Any CPU.ActiveCfg = Release|Any CPU
		{66C0B726-86E5-4760-B218-A7DBF588A7B3}.Release|Any CPU.Build.0 = Release|Any CPU
		{CCF3DF73-BDB0-445C-867F-7EAB35980B62}.Debug|Any CPU.ActiveCfg = Debug|Any CPU
		{CCF3DF73-BDB0-445C-867F-7EAB35980B62}.Debug|Any CPU.Build.0 = Debug|Any CPU
		{CCF3DF73-BDB0-445C-867F-7EAB35980B62}.Release|Any CPU.ActiveCfg = Release|Any CPU
		{CCF3DF73-BDB0-445C-867F-7EAB35980B62}.Release|Any CPU.Build.0 = Release|Any CPU
	EndGlobalSection
	GlobalSection(SolutionProperties) = preSolution
		HideSolutionNode = FALSE
	EndGlobalSection
	GlobalSection(NestedProjects) = preSolution
		{8E43836B-3E80-472D-BD0A-BC63A14C5F9C} = {C0DAEA22-BDFA-4D4E-8038-C96F55416DA9}
		{C25880F8-A499-44CD-89B9-D654422D1F0B} = {21DF01AE-DD98-4DB9-A0E6-F6273D24D36D}
		{30CB307A-180F-429F-96F1-773CC72224CF} = {D848B0F9-26FA-4556-9597-47FD369EADC8}
		{55F4A9CC-41D8-464C-8343-F0A997F2164A} = {D848B0F9-26FA-4556-9597-47FD369EADC8}
		{66C0B726-86E5-4760-B218-A7DBF588A7B3} = {D848B0F9-26FA-4556-9597-47FD369EADC8}
		{CCF3DF73-BDB0-445C-867F-7EAB35980B62} = {D848B0F9-26FA-4556-9597-47FD369EADC8}
	EndGlobalSection
	GlobalSection(ExtensibilityGlobals) = postSolution
		SolutionGuid = {FEC440B1-1606-4C51-BAC9-14DC5A4692C0}
	EndGlobalSection
EndGlobal
